
Microsoft Visual Studio Solution File, Format Version 12.00
# Visual Studio Version 17
VisualStudioVersion = 17.1.32210.238
MinimumVisualStudioVersion = 10.0.40219.1
Project("{FAE04EC0-301F-11D3-BF4B-00C04F79EFBC}") = "ProgazManagement.Server", "Server\ProgazManagement.Server.csproj", "{DCB9336E-7F19-4EC3-8414-A5E8D4E9B5F0}"
EndProject
Project("{FAE04EC0-301F-11D3-BF4B-00C04F79EFBC}") = "ProgazManagement.Client", "Client\ProgazManagement.Client.csproj", "{EF5C7C88-E982-4809-BFEF-4A25BB885430}"
EndProject
Project("{FAE04EC0-301F-11D3-BF4B-00C04F79EFBC}") = "ProgazManagement.Shared", "Shared\ProgazManagement.Shared.csproj", "{2208B2CD-50FF-47F3-9F3A-6CA1D9530207}"
EndProject
Global
	GlobalSection(SolutionConfigurationPlatforms) = preSolution
		Debug|Any CPU = Debug|Any CPU
		Release|Any CPU = Release|Any CPU
	EndGlobalSection
	GlobalSection(ProjectConfigurationPlatforms) = postSolution
		{DCB9336E-7F19-4EC3-8414-A5E8D4E9B5F0}.Debug|Any CPU.ActiveCfg = Debug|Any CPU
		{DCB9336E-7F19-4EC3-8414-A5E8D4E9B5F0}.Debug|Any CPU.Build.0 = Debug|Any CPU
		{DCB9336E-7F19-4EC3-8414-A5E8D4E9B5F0}.Release|Any CPU.ActiveCfg = Release|Any CPU
		{DCB9336E-7F19-4EC3-8414-A5E8D4E9B5F0}.Release|Any CPU.Build.0 = Release|Any CPU
		{EF5C7C88-E982-4809-BFEF-4A25BB885430}.Debug|Any CPU.ActiveCfg = Debug|Any CPU
		{EF5C7C88-E982-4809-BFEF-4A25BB885430}.Debug|Any CPU.Build.0 = Debug|Any CPU
		{EF5C7C88-E982-4809-BFEF-4A25BB885430}.Release|Any CPU.ActiveCfg = Release|Any CPU
		{EF5C7C88-E982-4809-BFEF-4A25BB885430}.Release|Any CPU.Build.0 = Release|Any CPU
		{2208B2CD-50FF-47F3-9F3A-6CA1D9530207}.Debug|Any CPU.ActiveCfg = Debug|Any CPU
		{2208B2CD-50FF-47F3-9F3A-6CA1D9530207}.Debug|Any CPU.Build.0 = Debug|Any CPU
		{2208B2CD-50FF-47F3-9F3A-6CA1D9530207}.Release|Any CPU.ActiveCfg = Release|Any CPU
		{2208B2CD-50FF-47F3-9F3A-6CA1D9530207}.Release|Any CPU.Build.0 = Release|Any CPU
	EndGlobalSection
	GlobalSection(SolutionProperties) = preSolution
		HideSolutionNode = FALSE
	EndGlobalSection
	GlobalSection(ExtensibilityGlobals) = postSolution
		SolutionGuid = {F89861D0-2569-4371-84AD-C3993ABDBE9C}
	EndGlobalSection
EndGlobal
